
Microsoft Visual Studio Solution File, Format Version 12.00
# Visual Studio Version 17
VisualStudioVersion = 17.1.32319.34
MinimumVisualStudioVersion = 10.0.40219.1
Project("{9A19103F-16F7-4668-BE54-9A1E7A4F7556}") = "C_Sharp_Harry", "C_Sharp_Harry\C_Sharp_Harry.csproj", "{F3B70D54-EF74-4A56-BD07-A5EF9FC0F188}"
EndProject
Global
	GlobalSection(SolutionConfigurationPlatforms) = preSolution
		Debug|Any CPU = Debug|Any CPU
		Release|Any CPU = Release|Any CPU
	EndGlobalSection
	GlobalSection(ProjectConfigurationPlatforms) = postSolution
		{F3B70D54-EF74-4A56-BD07-A5EF9FC0F188}.Debug|Any CPU.ActiveCfg = Debug|Any CPU
		{F3B70D54-EF74-4A56-BD07-A5EF9FC0F188}.Debug|Any CPU.Build.0 = Debug|Any CPU
		{F3B70D54-EF74-4A56-BD07-A5EF9FC0F188}.Release|Any CPU.ActiveCfg = Release|Any CPU
		{F3B70D54-EF74-4A56-BD07-A5EF9FC0F188}.Release|Any CPU.Build.0 = Release|Any CPU
	EndGlobalSection
	GlobalSection(SolutionProperties) = preSolution
		HideSolutionNode = FALSE
	EndGlobalSection
	GlobalSection(ExtensibilityGlobals) = postSolution
		SolutionGuid = {0F388DEB-3C7A-4B62-82FE-A9454F43176A}
	EndGlobalSection
EndGlobal
