
Microsoft Visual Studio Solution File, Format Version 12.00
# Visual Studio Version 17
VisualStudioVersion = 17.2.32516.85
MinimumVisualStudioVersion = 10.0.40219.1
Project("{FAE04EC0-301F-11D3-BF4B-00C04F79EFBC}") = "ConApp_Lang_Syntax", "ConApp_Lang_Syntax\ConApp_Lang_Syntax.csproj", "{0BBAC8EF-3B06-4E4B-B992-9D045B33185E}"
EndProject
Global
	GlobalSection(SolutionConfigurationPlatforms) = preSolution
		Debug|Any CPU = Debug|Any CPU
		Release|Any CPU = Release|Any CPU
	EndGlobalSection
	GlobalSection(ProjectConfigurationPlatforms) = postSolution
		{0BBAC8EF-3B06-4E4B-B992-9D045B33185E}.Debug|Any CPU.ActiveCfg = Debug|Any CPU
		{0BBAC8EF-3B06-4E4B-B992-9D045B33185E}.Debug|Any CPU.Build.0 = Debug|Any CPU
		{0BBAC8EF-3B06-4E4B-B992-9D045B33185E}.Release|Any CPU.ActiveCfg = Release|Any CPU
		{0BBAC8EF-3B06-4E4B-B992-9D045B33185E}.Release|Any CPU.Build.0 = Release|Any CPU
	EndGlobalSection
	GlobalSection(SolutionProperties) = preSolution
		HideSolutionNode = FALSE
	EndGlobalSection
	GlobalSection(ExtensibilityGlobals) = postSolution
		SolutionGuid = {FBB80C65-52A2-4650-AF7D-756C59CF4BB0}
	EndGlobalSection
EndGlobal
