
Microsoft Visual Studio Solution File, Format Version 12.00
# Visual Studio Version 17
VisualStudioVersion = 17.0.32112.339
MinimumVisualStudioVersion = 10.0.40219.1
Project("{FAE04EC0-301F-11D3-BF4B-00C04F79EFBC}") = "ConsoleApp_practice", "ConsoleApp_practice\ConsoleApp_practice.csproj", "{EE1528F0-7560-4D83-BC08-A101588B9CBA}"
EndProject
Global
	GlobalSection(SolutionConfigurationPlatforms) = preSolution
		Debug|Any CPU = Debug|Any CPU
		Release|Any CPU = Release|Any CPU
	EndGlobalSection
	GlobalSection(ProjectConfigurationPlatforms) = postSolution
		{EE1528F0-7560-4D83-BC08-A101588B9CBA}.Debug|Any CPU.ActiveCfg = Debug|Any CPU
		{EE1528F0-7560-4D83-BC08-A101588B9CBA}.Debug|Any CPU.Build.0 = Debug|Any CPU
		{EE1528F0-7560-4D83-BC08-A101588B9CBA}.Release|Any CPU.ActiveCfg = Release|Any CPU
		{EE1528F0-7560-4D83-BC08-A101588B9CBA}.Release|Any CPU.Build.0 = Release|Any CPU
	EndGlobalSection
	GlobalSection(SolutionProperties) = preSolution
		HideSolutionNode = FALSE
	EndGlobalSection
	GlobalSection(ExtensibilityGlobals) = postSolution
		SolutionGuid = {9213E383-2A58-4DE3-93E4-C52AC9279393}
	EndGlobalSection
EndGlobal
