
Microsoft Visual Studio Solution File, Format Version 12.00
# Visual Studio Version 17
VisualStudioVersion = 17.1.32319.34
MinimumVisualStudioVersion = 10.0.40219.1
Project("{FAE04EC0-301F-11D3-BF4B-00C04F79EFBC}") = "CSharp_Giraffe", "CSharp_Giraffe\CSharp_Giraffe.csproj", "{17397C6C-64CB-47B0-9F9F-086B300BA419}"
EndProject
Global
	GlobalSection(SolutionConfigurationPlatforms) = preSolution
		Debug|Any CPU = Debug|Any CPU
		Release|Any CPU = Release|Any CPU
	EndGlobalSection
	GlobalSection(ProjectConfigurationPlatforms) = postSolution
		{17397C6C-64CB-47B0-9F9F-086B300BA419}.Debug|Any CPU.ActiveCfg = Debug|Any CPU
		{17397C6C-64CB-47B0-9F9F-086B300BA419}.Debug|Any CPU.Build.0 = Debug|Any CPU
		{17397C6C-64CB-47B0-9F9F-086B300BA419}.Release|Any CPU.ActiveCfg = Release|Any CPU
		{17397C6C-64CB-47B0-9F9F-086B300BA419}.Release|Any CPU.Build.0 = Release|Any CPU
	EndGlobalSection
	GlobalSection(SolutionProperties) = preSolution
		HideSolutionNode = FALSE
	EndGlobalSection
	GlobalSection(ExtensibilityGlobals) = postSolution
		SolutionGuid = {83BAACE2-3F31-4DA6-814A-108CDE5A3F6F}
	EndGlobalSection
EndGlobal
