
Microsoft Visual Studio Solution File, Format Version 12.00
# Visual Studio Version 17
VisualStudioVersion = 17.0.32112.339
MinimumVisualStudioVersion = 10.0.40219.1
Project("{FAE04EC0-301F-11D3-BF4B-00C04F79EFBC}") = "C_sharp_W3C", "C_sharp_W3C\C_sharp_W3C.csproj", "{13090F6B-BE86-45C4-AC56-B98571D9A789}"
EndProject
Global
	GlobalSection(SolutionConfigurationPlatforms) = preSolution
		Debug|Any CPU = Debug|Any CPU
		Release|Any CPU = Release|Any CPU
	EndGlobalSection
	GlobalSection(ProjectConfigurationPlatforms) = postSolution
		{13090F6B-BE86-45C4-AC56-B98571D9A789}.Debug|Any CPU.ActiveCfg = Debug|Any CPU
		{13090F6B-BE86-45C4-AC56-B98571D9A789}.Debug|Any CPU.Build.0 = Debug|Any CPU
		{13090F6B-BE86-45C4-AC56-B98571D9A789}.Release|Any CPU.ActiveCfg = Release|Any CPU
		{13090F6B-BE86-45C4-AC56-B98571D9A789}.Release|Any CPU.Build.0 = Release|Any CPU
	EndGlobalSection
	GlobalSection(SolutionProperties) = preSolution
		HideSolutionNode = FALSE
	EndGlobalSection
	GlobalSection(ExtensibilityGlobals) = postSolution
		SolutionGuid = {AE58BD06-85EB-41E1-BF74-364C20DE5FCC}
	EndGlobalSection
EndGlobal
